
Microsoft Visual Studio Solution File, Format Version 12.00
# Visual Studio Version 16
VisualStudioVersion = 16.0.31129.286
MinimumVisualStudioVersion = 10.0.40219.1
Project("{FAE04EC0-301F-11D3-BF4B-00C04F79EFBC}") = "DesafioRobo", "DesafioRobo\DesafioRobo.csproj", "{FCB86AC5-975B-4933-BAC7-4225FFCC9678}"
EndProject
Global
	GlobalSection(SolutionConfigurationPlatforms) = preSolution
		Debug|Any CPU = Debug|Any CPU
		Release|Any CPU = Release|Any CPU
	EndGlobalSection
	GlobalSection(ProjectConfigurationPlatforms) = postSolution
		{FCB86AC5-975B-4933-BAC7-4225FFCC9678}.Debug|Any CPU.ActiveCfg = Debug|Any CPU
		{FCB86AC5-975B-4933-BAC7-4225FFCC9678}.Debug|Any CPU.Build.0 = Debug|Any CPU
		{FCB86AC5-975B-4933-BAC7-4225FFCC9678}.Release|Any CPU.ActiveCfg = Release|Any CPU
		{FCB86AC5-975B-4933-BAC7-4225FFCC9678}.Release|Any CPU.Build.0 = Release|Any CPU
	EndGlobalSection
	GlobalSection(SolutionProperties) = preSolution
		HideSolutionNode = FALSE
	EndGlobalSection
	GlobalSection(ExtensibilityGlobals) = postSolution
		SolutionGuid = {47CFD248-7D02-4BE6-8A26-781103553F6C}
	EndGlobalSection
EndGlobal
